// !$*UTF8*$!
{
	archiveVersion = 1;
	classes = {
	};
	objectVersion = 56;
	objects = {

/* Begin PBXBuildFile section */
		533E60CD2A789B5D00DEC169 /* SettingTableViewController.swift in Sources */ = {isa = PBXBuildFile; fileRef = 533E60CC2A789B5D00DEC169 /* SettingTableViewController.swift */; };
		539E9E122A79F232005521D1 /* TimelineViewController.swift in Sources */ = {isa = PBXBuildFile; fileRef = 539E9E112A79F232005521D1 /* TimelineViewController.swift */; };
		539E9E1E2A7B72BD005521D1 /* LottoViewController.swift in Sources */ = {isa = PBXBuildFile; fileRef = 539E9E1D2A7B72BD005521D1 /* LottoViewController.swift */; };
		53D5CD592AB1EFB10064CB3B /* LottoViewModel.swift in Sources */ = {isa = PBXBuildFile; fileRef = 53D5CD582AB1EFB10064CB3B /* LottoViewModel.swift */; };
		53D5CD5B2AB1EFE40064CB3B /* LottoAPIManager.swift in Sources */ = {isa = PBXBuildFile; fileRef = 53D5CD5A2AB1EFE40064CB3B /* LottoAPIManager.swift */; };
		53D5CD5D2AB1F14C0064CB3B /* LottoResult.swift in Sources */ = {isa = PBXBuildFile; fileRef = 53D5CD5C2AB1F14C0064CB3B /* LottoResult.swift */; };
		53D5CD5F2AB1F4060064CB3B /* Observable.swift in Sources */ = {isa = PBXBuildFile; fileRef = 53D5CD5E2AB1F4060064CB3B /* Observable.swift */; };
		53D87FEA2A773A8300B388D1 /* AppDelegate.swift in Sources */ = {isa = PBXBuildFile; fileRef = 53D87FE92A773A8300B388D1 /* AppDelegate.swift */; };
		53D87FEC2A773A8300B388D1 /* SceneDelegate.swift in Sources */ = {isa = PBXBuildFile; fileRef = 53D87FEB2A773A8300B388D1 /* SceneDelegate.swift */; };
		53D87FEE2A773A8300B388D1 /* AddViewController.swift in Sources */ = {isa = PBXBuildFile; fileRef = 53D87FED2A773A8300B388D1 /* AddViewController.swift */; };
		53D87FF12A773A8300B388D1 /* Main.storyboard in Resources */ = {isa = PBXBuildFile; fileRef = 53D87FEF2A773A8300B388D1 /* Main.storyboard */; };
		53D87FF32A773A8400B388D1 /* Assets.xcassets in Resources */ = {isa = PBXBuildFile; fileRef = 53D87FF22A773A8400B388D1 /* Assets.xcassets */; };
		53D87FF62A773A8400B388D1 /* LaunchScreen.storyboard in Resources */ = {isa = PBXBuildFile; fileRef = 53D87FF42A773A8400B388D1 /* LaunchScreen.storyboard */; };
		53D87FFE2A773AC600B388D1 /* DiaryTableViewController.swift in Sources */ = {isa = PBXBuildFile; fileRef = 53D87FFD2A773AC600B388D1 /* DiaryTableViewController.swift */; };
		53D880032A773BBF00B388D1 /* DiaryTableViewCell.swift in Sources */ = {isa = PBXBuildFile; fileRef = 53D880012A773BBF00B388D1 /* DiaryTableViewCell.swift */; };
		53D880042A773BBF00B388D1 /* DiaryTableViewCell.xib in Resources */ = {isa = PBXBuildFile; fileRef = 53D880022A773BBF00B388D1 /* DiaryTableViewCell.xib */; };
		53D880062A7752D300B388D1 /* DetailViewController.swift in Sources */ = {isa = PBXBuildFile; fileRef = 53D880052A7752D300B388D1 /* DetailViewController.swift */; };
		53D880082A77625300B388D1 /* Extensoin+UIViewController.swift in Sources */ = {isa = PBXBuildFile; fileRef = 53D880072A77625300B388D1 /* Extensoin+UIViewController.swift */; };
		53D8800A2A77796200B388D1 /* SearchCollectionViewController.swift in Sources */ = {isa = PBXBuildFile; fileRef = 53D880092A77796200B388D1 /* SearchCollectionViewController.swift */; };
		53D8800D2A777AD300B388D1 /* SearchCollectionViewCell.swift in Sources */ = {isa = PBXBuildFile; fileRef = 53D8800B2A777AD300B388D1 /* SearchCollectionViewCell.swift */; };
		53D8800E2A777AD300B388D1 /* SearchCollectionViewCell.xib in Resources */ = {isa = PBXBuildFile; fileRef = 53D8800C2A777AD300B388D1 /* SearchCollectionViewCell.xib */; };
		53DC9AEE2A80805F009B3304 /* Alamofire in Frameworks */ = {isa = PBXBuildFile; productRef = 53DC9AED2A80805F009B3304 /* Alamofire */; };
		53DC9AF12A80806C009B3304 /* SwiftyJSON in Frameworks */ = {isa = PBXBuildFile; productRef = 53DC9AF02A80806C009B3304 /* SwiftyJSON */; };
/* End PBXBuildFile section */

/* Begin PBXFileReference section */
		533E60CC2A789B5D00DEC169 /* SettingTableViewController.swift */ = {isa = PBXFileReference; lastKnownFileType = sourcecode.swift; path = SettingTableViewController.swift; sourceTree = "<group>"; };
		539E9E112A79F232005521D1 /* TimelineViewController.swift */ = {isa = PBXFileReference; lastKnownFileType = sourcecode.swift; path = TimelineViewController.swift; sourceTree = "<group>"; };
		539E9E1D2A7B72BD005521D1 /* LottoViewController.swift */ = {isa = PBXFileReference; lastKnownFileType = sourcecode.swift; path = LottoViewController.swift; sourceTree = "<group>"; };
		53D5CD582AB1EFB10064CB3B /* LottoViewModel.swift */ = {isa = PBXFileReference; lastKnownFileType = sourcecode.swift; path = LottoViewModel.swift; sourceTree = "<group>"; };
		53D5CD5A2AB1EFE40064CB3B /* LottoAPIManager.swift */ = {isa = PBXFileReference; lastKnownFileType = sourcecode.swift; path = LottoAPIManager.swift; sourceTree = "<group>"; };
		53D5CD5C2AB1F14C0064CB3B /* LottoResult.swift */ = {isa = PBXFileReference; lastKnownFileType = sourcecode.swift; path = LottoResult.swift; sourceTree = "<group>"; };
		53D5CD5E2AB1F4060064CB3B /* Observable.swift */ = {isa = PBXFileReference; lastKnownFileType = sourcecode.swift; path = Observable.swift; sourceTree = "<group>"; };
		53D87FE62A773A8300B388D1 /* OneLineDiary.app */ = {isa = PBXFileReference; explicitFileType = wrapper.application; includeInIndex = 0; path = OneLineDiary.app; sourceTree = BUILT_PRODUCTS_DIR; };
		53D87FE92A773A8300B388D1 /* AppDelegate.swift */ = {isa = PBXFileReference; lastKnownFileType = sourcecode.swift; path = AppDelegate.swift; sourceTree = "<group>"; };
		53D87FEB2A773A8300B388D1 /* SceneDelegate.swift */ = {isa = PBXFileReference; lastKnownFileType = sourcecode.swift; path = SceneDelegate.swift; sourceTree = "<group>"; };
		53D87FED2A773A8300B388D1 /* AddViewController.swift */ = {isa = PBXFileReference; lastKnownFileType = sourcecode.swift; path = AddViewController.swift; sourceTree = "<group>"; };
		53D87FF02A773A8300B388D1 /* Base */ = {isa = PBXFileReference; lastKnownFileType = file.storyboard; name = Base; path = Base.lproj/Main.storyboard; sourceTree = "<group>"; };
		53D87FF22A773A8400B388D1 /* Assets.xcassets */ = {isa = PBXFileReference; lastKnownFileType = folder.assetcatalog; path = Assets.xcassets; sourceTree = "<group>"; };
		53D87FF52A773A8400B388D1 /* Base */ = {isa = PBXFileReference; lastKnownFileType = file.storyboard; name = Base; path = Base.lproj/LaunchScreen.storyboard; sourceTree = "<group>"; };
		53D87FF72A773A8400B388D1 /* Info.plist */ = {isa = PBXFileReference; lastKnownFileType = text.plist.xml; path = Info.plist; sourceTree = "<group>"; };
		53D87FFD2A773AC600B388D1 /* DiaryTableViewController.swift */ = {isa = PBXFileReference; lastKnownFileType = sourcecode.swift; path = DiaryTableViewController.swift; sourceTree = "<group>"; };
		53D880012A773BBF00B388D1 /* DiaryTableViewCell.swift */ = {isa = PBXFileReference; lastKnownFileType = sourcecode.swift; path = DiaryTableViewCell.swift; sourceTree = "<group>"; };
		53D880022A773BBF00B388D1 /* DiaryTableViewCell.xib */ = {isa = PBXFileReference; lastKnownFileType = file.xib; path = DiaryTableViewCell.xib; sourceTree = "<group>"; };
		53D880052A7752D300B388D1 /* DetailViewController.swift */ = {isa = PBXFileReference; lastKnownFileType = sourcecode.swift; path = DetailViewController.swift; sourceTree = "<group>"; };
		53D880072A77625300B388D1 /* Extensoin+UIViewController.swift */ = {isa = PBXFileReference; lastKnownFileType = sourcecode.swift; path = "Extensoin+UIViewController.swift"; sourceTree = "<group>"; };
		53D880092A77796200B388D1 /* SearchCollectionViewController.swift */ = {isa = PBXFileReference; lastKnownFileType = sourcecode.swift; path = SearchCollectionViewController.swift; sourceTree = "<group>"; };
		53D8800B2A777AD300B388D1 /* SearchCollectionViewCell.swift */ = {isa = PBXFileReference; lastKnownFileType = sourcecode.swift; path = SearchCollectionViewCell.swift; sourceTree = "<group>"; };
		53D8800C2A777AD300B388D1 /* SearchCollectionViewCell.xib */ = {isa = PBXFileReference; lastKnownFileType = file.xib; path = SearchCollectionViewCell.xib; sourceTree = "<group>"; };
/* End PBXFileReference section */

/* Begin PBXFrameworksBuildPhase section */
		53D87FE32A773A8300B388D1 /* Frameworks */ = {
			isa = PBXFrameworksBuildPhase;
			buildActionMask = 2147483647;
			files = (
				53DC9AF12A80806C009B3304 /* SwiftyJSON in Frameworks */,
				53DC9AEE2A80805F009B3304 /* Alamofire in Frameworks */,
			);
			runOnlyForDeploymentPostprocessing = 0;
		};
/* End PBXFrameworksBuildPhase section */

/* Begin PBXGroup section */
		53D5CD572AB1EF950064CB3B /* Lotto */ = {
			isa = PBXGroup;
			children = (
				539E9E1D2A7B72BD005521D1 /* LottoViewController.swift */,
				53D5CD582AB1EFB10064CB3B /* LottoViewModel.swift */,
				53D5CD5A2AB1EFE40064CB3B /* LottoAPIManager.swift */,
				53D5CD5C2AB1F14C0064CB3B /* LottoResult.swift */,
				53D5CD5E2AB1F4060064CB3B /* Observable.swift */,
			);
			path = Lotto;
			sourceTree = "<group>";
		};
		53D87FDD2A773A8300B388D1 = {
			isa = PBXGroup;
			children = (
				53D87FE82A773A8300B388D1 /* OneLineDiary */,
				53D87FE72A773A8300B388D1 /* Products */,
			);
			sourceTree = "<group>";
		};
		53D87FE72A773A8300B388D1 /* Products */ = {
			isa = PBXGroup;
			children = (
				53D87FE62A773A8300B388D1 /* OneLineDiary.app */,
			);
			name = Products;
			sourceTree = "<group>";
		};
		53D87FE82A773A8300B388D1 /* OneLineDiary */ = {
			isa = PBXGroup;
			children = (
				53D5CD572AB1EF950064CB3B /* Lotto */,
				53D87FE92A773A8300B388D1 /* AppDelegate.swift */,
				53D87FEB2A773A8300B388D1 /* SceneDelegate.swift */,
				53D87FED2A773A8300B388D1 /* AddViewController.swift */,
				53D880052A7752D300B388D1 /* DetailViewController.swift */,
				53D87FEF2A773A8300B388D1 /* Main.storyboard */,
				539E9E112A79F232005521D1 /* TimelineViewController.swift */,
				533E60CC2A789B5D00DEC169 /* SettingTableViewController.swift */,
				53D8800B2A777AD300B388D1 /* SearchCollectionViewCell.swift */,
				53D8800C2A777AD300B388D1 /* SearchCollectionViewCell.xib */,
				53D880092A77796200B388D1 /* SearchCollectionViewController.swift */,
				53D87FFD2A773AC600B388D1 /* DiaryTableViewController.swift */,
				53D880072A77625300B388D1 /* Extensoin+UIViewController.swift */,
				53D880012A773BBF00B388D1 /* DiaryTableViewCell.swift */,
				53D880022A773BBF00B388D1 /* DiaryTableViewCell.xib */,
				53D87FF22A773A8400B388D1 /* Assets.xcassets */,
				53D87FF42A773A8400B388D1 /* LaunchScreen.storyboard */,
				53D87FF72A773A8400B388D1 /* Info.plist */,
			);
			path = OneLineDiary;
			sourceTree = "<group>";
		};
/* End PBXGroup section */

/* Begin PBXNativeTarget section */
		53D87FE52A773A8300B388D1 /* OneLineDiary */ = {
			isa = PBXNativeTarget;
			buildConfigurationList = 53D87FFA2A773A8400B388D1 /* Build configuration list for PBXNativeTarget "OneLineDiary" */;
			buildPhases = (
				53D87FE22A773A8300B388D1 /* Sources */,
				53D87FE32A773A8300B388D1 /* Frameworks */,
				53D87FE42A773A8300B388D1 /* Resources */,
			);
			buildRules = (
			);
			dependencies = (
			);
			name = OneLineDiary;
			packageProductDependencies = (
				53DC9AED2A80805F009B3304 /* Alamofire */,
				53DC9AF02A80806C009B3304 /* SwiftyJSON */,
			);
			productName = OneLineDiary;
			productReference = 53D87FE62A773A8300B388D1 /* OneLineDiary.app */;
			productType = "com.apple.product-type.application";
		};
/* End PBXNativeTarget section */

/* Begin PBXProject section */
		53D87FDE2A773A8300B388D1 /* Project object */ = {
			isa = PBXProject;
			attributes = {
				BuildIndependentTargetsInParallel = 1;
				LastSwiftUpdateCheck = 1430;
				LastUpgradeCheck = 1430;
				TargetAttributes = {
					53D87FE52A773A8300B388D1 = {
						CreatedOnToolsVersion = 14.3.1;
					};
				};
			};
			buildConfigurationList = 53D87FE12A773A8300B388D1 /* Build configuration list for PBXProject "OneLineDiary" */;
			compatibilityVersion = "Xcode 14.0";
			developmentRegion = en;
			hasScannedForEncodings = 0;
			knownRegions = (
				en,
				Base,
			);
			mainGroup = 53D87FDD2A773A8300B388D1;
			packageReferences = (
				53DC9AEC2A80805F009B3304 /* XCRemoteSwiftPackageReference "Alamofire" */,
				53DC9AEF2A80806C009B3304 /* XCRemoteSwiftPackageReference "SwiftyJSON" */,
			);
			productRefGroup = 53D87FE72A773A8300B388D1 /* Products */;
			projectDirPath = "";
			projectRoot = "";
			targets = (
				53D87FE52A773A8300B388D1 /* OneLineDiary */,
			);
		};
/* End PBXProject section */

/* Begin PBXResourcesBuildPhase section */
		53D87FE42A773A8300B388D1 /* Resources */ = {
			isa = PBXResourcesBuildPhase;
			buildActionMask = 2147483647;
			files = (
				53D87FF62A773A8400B388D1 /* LaunchScreen.storyboard in Resources */,
				53D87FF32A773A8400B388D1 /* Assets.xcassets in Resources */,
				53D8800E2A777AD300B388D1 /* SearchCollectionViewCell.xib in Resources */,
				53D87FF12A773A8300B388D1 /* Main.storyboard in Resources */,
				53D880042A773BBF00B388D1 /* DiaryTableViewCell.xib in Resources */,
			);
			runOnlyForDeploymentPostprocessing = 0;
		};
/* End PBXResourcesBuildPhase section */

/* Begin PBXSourcesBuildPhase section */
		53D87FE22A773A8300B388D1 /* Sources */ = {
			isa = PBXSourcesBuildPhase;
			buildActionMask = 2147483647;
			files = (
				53D5CD5F2AB1F4060064CB3B /* Observable.swift in Sources */,
				53D8800A2A77796200B388D1 /* SearchCollectionViewController.swift in Sources */,
				539E9E122A79F232005521D1 /* TimelineViewController.swift in Sources */,
				53D87FEE2A773A8300B388D1 /* AddViewController.swift in Sources */,
				53D880082A77625300B388D1 /* Extensoin+UIViewController.swift in Sources */,
				53D880032A773BBF00B388D1 /* DiaryTableViewCell.swift in Sources */,
				53D5CD5B2AB1EFE40064CB3B /* LottoAPIManager.swift in Sources */,
				533E60CD2A789B5D00DEC169 /* SettingTableViewController.swift in Sources */,
				53D87FFE2A773AC600B388D1 /* DiaryTableViewController.swift in Sources */,
				53D880062A7752D300B388D1 /* DetailViewController.swift in Sources */,
				53D5CD5D2AB1F14C0064CB3B /* LottoResult.swift in Sources */,
				53D87FEA2A773A8300B388D1 /* AppDelegate.swift in Sources */,
				53D5CD592AB1EFB10064CB3B /* LottoViewModel.swift in Sources */,
				539E9E1E2A7B72BD005521D1 /* LottoViewController.swift in Sources */,
				53D87FEC2A773A8300B388D1 /* SceneDelegate.swift in Sources */,
				53D8800D2A777AD300B388D1 /* SearchCollectionViewCell.swift in Sources */,
			);
			runOnlyForDeploymentPostprocessing = 0;
		};
/* End PBXSourcesBuildPhase section */

/* Begin PBXVariantGroup section */
		53D87FEF2A773A8300B388D1 /* Main.storyboard */ = {
			isa = PBXVariantGroup;
			children = (
				53D87FF02A773A8300B388D1 /* Base */,
			);
			name = Main.storyboard;
			sourceTree = "<group>";
		};
		53D87FF42A773A8400B388D1 /* LaunchScreen.storyboard */ = {
			isa = PBXVariantGroup;
			children = (
				53D87FF52A773A8400B388D1 /* Base */,
			);
			name = LaunchScreen.storyboard;
			sourceTree = "<group>";
		};
/* End PBXVariantGroup section */

/* Begin XCBuildConfiguration section */
		53D87FF82A773A8400B388D1 /* Debug */ = {
			isa = XCBuildConfiguration;
			buildSettings = {
				ALWAYS_SEARCH_USER_PATHS = NO;
				CLANG_ANALYZER_NONNULL = YES;
				CLANG_ANALYZER_NUMBER_OBJECT_CONVERSION = YES_AGGRESSIVE;
				CLANG_CXX_LANGUAGE_STANDARD = "gnu++20";
				CLANG_ENABLE_MODULES = YES;
				CLANG_ENABLE_OBJC_ARC = YES;
				CLANG_ENABLE_OBJC_WEAK = YES;
				CLANG_WARN_BLOCK_CAPTURE_AUTORELEASING = YES;
				CLANG_WARN_BOOL_CONVERSION = YES;
				CLANG_WARN_COMMA = YES;
				CLANG_WARN_CONSTANT_CONVERSION = YES;
				CLANG_WARN_DEPRECATED_OBJC_IMPLEMENTATIONS = YES;
				CLANG_WARN_DIRECT_OBJC_ISA_USAGE = YES_ERROR;
				CLANG_WARN_DOCUMENTATION_COMMENTS = YES;
				CLANG_WARN_EMPTY_BODY = YES;
				CLANG_WARN_ENUM_CONVERSION = YES;
				CLANG_WARN_INFINITE_RECURSION = YES;
				CLANG_WARN_INT_CONVERSION = YES;
				CLANG_WARN_NON_LITERAL_NULL_CONVERSION = YES;
				CLANG_WARN_OBJC_IMPLICIT_RETAIN_SELF = YES;
				CLANG_WARN_OBJC_LITERAL_CONVERSION = YES;
				CLANG_WARN_OBJC_ROOT_CLASS = YES_ERROR;
				CLANG_WARN_QUOTED_INCLUDE_IN_FRAMEWORK_HEADER = YES;
				CLANG_WARN_RANGE_LOOP_ANALYSIS = YES;
				CLANG_WARN_STRICT_PROTOTYPES = YES;
				CLANG_WARN_SUSPICIOUS_MOVE = YES;
				CLANG_WARN_UNGUARDED_AVAILABILITY = YES_AGGRESSIVE;
				CLANG_WARN_UNREACHABLE_CODE = YES;
				CLANG_WARN__DUPLICATE_METHOD_MATCH = YES;
				COPY_PHASE_STRIP = NO;
				DEBUG_INFORMATION_FORMAT = dwarf;
				ENABLE_STRICT_OBJC_MSGSEND = YES;
				ENABLE_TESTABILITY = YES;
				GCC_C_LANGUAGE_STANDARD = gnu11;
				GCC_DYNAMIC_NO_PIC = NO;
				GCC_NO_COMMON_BLOCKS = YES;
				GCC_OPTIMIZATION_LEVEL = 0;
				GCC_PREPROCESSOR_DEFINITIONS = (
					"DEBUG=1",
					"$(inherited)",
				);
				GCC_WARN_64_TO_32_BIT_CONVERSION = YES;
				GCC_WARN_ABOUT_RETURN_TYPE = YES_ERROR;
				GCC_WARN_UNDECLARED_SELECTOR = YES;
				GCC_WARN_UNINITIALIZED_AUTOS = YES_AGGRESSIVE;
				GCC_WARN_UNUSED_FUNCTION = YES;
				GCC_WARN_UNUSED_VARIABLE = YES;
				IPHONEOS_DEPLOYMENT_TARGET = 16.4;
				MTL_ENABLE_DEBUG_INFO = INCLUDE_SOURCE;
				MTL_FAST_MATH = YES;
				ONLY_ACTIVE_ARCH = YES;
				SDKROOT = iphoneos;
				SWIFT_ACTIVE_COMPILATION_CONDITIONS = DEBUG;
				SWIFT_OPTIMIZATION_LEVEL = "-Onone";
			};
			name = Debug;
		};
		53D87FF92A773A8400B388D1 /* Release */ = {
			isa = XCBuildConfiguration;
			buildSettings = {
				ALWAYS_SEARCH_USER_PATHS = NO;
				CLANG_ANALYZER_NONNULL = YES;
				CLANG_ANALYZER_NUMBER_OBJECT_CONVERSION = YES_AGGRESSIVE;
				CLANG_CXX_LANGUAGE_STANDARD = "gnu++20";
				CLANG_ENABLE_MODULES = YES;
				CLANG_ENABLE_OBJC_ARC = YES;
				CLANG_ENABLE_OBJC_WEAK = YES;
				CLANG_WARN_BLOCK_CAPTURE_AUTORELEASING = YES;
				CLANG_WARN_BOOL_CONVERSION = YES;
				CLANG_WARN_COMMA = YES;
				CLANG_WARN_CONSTANT_CONVERSION = YES;
				CLANG_WARN_DEPRECATED_OBJC_IMPLEMENTATIONS = YES;
				CLANG_WARN_DIRECT_OBJC_ISA_USAGE = YES_ERROR;
				CLANG_WARN_DOCUMENTATION_COMMENTS = YES;
				CLANG_WARN_EMPTY_BODY = YES;
				CLANG_WARN_ENUM_CONVERSION = YES;
				CLANG_WARN_INFINITE_RECURSION = YES;
				CLANG_WARN_INT_CONVERSION = YES;
				CLANG_WARN_NON_LITERAL_NULL_CONVERSION = YES;
				CLANG_WARN_OBJC_IMPLICIT_RETAIN_SELF = YES;
				CLANG_WARN_OBJC_LITERAL_CONVERSION = YES;
				CLANG_WARN_OBJC_ROOT_CLASS = YES_ERROR;
				CLANG_WARN_QUOTED_INCLUDE_IN_FRAMEWORK_HEADER = YES;
				CLANG_WARN_RANGE_LOOP_ANALYSIS = YES;
				CLANG_WARN_STRICT_PROTOTYPES = YES;
				CLANG_WARN_SUSPICIOUS_MOVE = YES;
				CLANG_WARN_UNGUARDED_AVAILABILITY = YES_AGGRESSIVE;
				CLANG_WARN_UNREACHABLE_CODE = YES;
				CLANG_WARN__DUPLICATE_METHOD_MATCH = YES;
				COPY_PHASE_STRIP = NO;
				DEBUG_INFORMATION_FORMAT = "dwarf-with-dsym";
				ENABLE_NS_ASSERTIONS = NO;
				ENABLE_STRICT_OBJC_MSGSEND = YES;
				GCC_C_LANGUAGE_STANDARD = gnu11;
				GCC_NO_COMMON_BLOCKS = YES;
				GCC_WARN_64_TO_32_BIT_CONVERSION = YES;
				GCC_WARN_ABOUT_RETURN_TYPE = YES_ERROR;
				GCC_WARN_UNDECLARED_SELECTOR = YES;
				GCC_WARN_UNINITIALIZED_AUTOS = YES_AGGRESSIVE;
				GCC_WARN_UNUSED_FUNCTION = YES;
				GCC_WARN_UNUSED_VARIABLE = YES;
				IPHONEOS_DEPLOYMENT_TARGET = 16.4;
				MTL_ENABLE_DEBUG_INFO = NO;
				MTL_FAST_MATH = YES;
				SDKROOT = iphoneos;
				SWIFT_COMPILATION_MODE = wholemodule;
				SWIFT_OPTIMIZATION_LEVEL = "-O";
				VALIDATE_PRODUCT = YES;
			};
			name = Release;
		};
		53D87FFB2A773A8400B388D1 /* Debug */ = {
			isa = XCBuildConfiguration;
			buildSettings = {
				ASSETCATALOG_COMPILER_APPICON_NAME = AppIcon;
				ASSETCATALOG_COMPILER_GLOBAL_ACCENT_COLOR_NAME = AccentColor;
				CODE_SIGN_STYLE = Automatic;
				CURRENT_PROJECT_VERSION = 1;
				DEVELOPMENT_TEAM = KLYH4UN5ZC;
				GENERATE_INFOPLIST_FILE = YES;
				INFOPLIST_FILE = OneLineDiary/Info.plist;
				INFOPLIST_KEY_UIApplicationSupportsIndirectInputEvents = YES;
				INFOPLIST_KEY_UILaunchStoryboardName = LaunchScreen;
				INFOPLIST_KEY_UIMainStoryboardFile = Main;
				INFOPLIST_KEY_UISupportedInterfaceOrientations_iPad = "UIInterfaceOrientationPortrait UIInterfaceOrientationPortraitUpsideDown UIInterfaceOrientationLandscapeLeft UIInterfaceOrientationLandscapeRight";
				INFOPLIST_KEY_UISupportedInterfaceOrientations_iPhone = "UIInterfaceOrientationPortrait UIInterfaceOrientationLandscapeLeft UIInterfaceOrientationLandscapeRight";
				LD_RUNPATH_SEARCH_PATHS = (
					"$(inherited)",
					"@executable_path/Frameworks",
				);
				MARKETING_VERSION = 1.0;
				PRODUCT_BUNDLE_IDENTIFIER = com.dahye.OneLineDiary;
				PRODUCT_NAME = "$(TARGET_NAME)";
				SUPPORTED_PLATFORMS = "iphoneos iphonesimulator";
				SUPPORTS_MACCATALYST = NO;
				SUPPORTS_MAC_DESIGNED_FOR_IPHONE_IPAD = NO;
				SWIFT_EMIT_LOC_STRINGS = YES;
				SWIFT_VERSION = 5.0;
				TARGETED_DEVICE_FAMILY = 1;
			};
			name = Debug;
		};
		53D87FFC2A773A8400B388D1 /* Release */ = {
			isa = XCBuildConfiguration;
			buildSettings = {
				ASSETCATALOG_COMPILER_APPICON_NAME = AppIcon;
				ASSETCATALOG_COMPILER_GLOBAL_ACCENT_COLOR_NAME = AccentColor;
				CODE_SIGN_STYLE = Automatic;
				CURRENT_PROJECT_VERSION = 1;
				DEVELOPMENT_TEAM = KLYH4UN5ZC;
				GENERATE_INFOPLIST_FILE = YES;
				INFOPLIST_FILE = OneLineDiary/Info.plist;
				INFOPLIST_KEY_UIApplicationSupportsIndirectInputEvents = YES;
				INFOPLIST_KEY_UILaunchStoryboardName = LaunchScreen;
				INFOPLIST_KEY_UIMainStoryboardFile = Main;
				INFOPLIST_KEY_UISupportedInterfaceOrientations_iPad = "UIInterfaceOrientationPortrait UIInterfaceOrientationPortraitUpsideDown UIInterfaceOrientationLandscapeLeft UIInterfaceOrientationLandscapeRight";
				INFOPLIST_KEY_UISupportedInterfaceOrientations_iPhone = "UIInterfaceOrientationPortrait UIInterfaceOrientationLandscapeLeft UIInterfaceOrientationLandscapeRight";
				LD_RUNPATH_SEARCH_PATHS = (
					"$(inherited)",
					"@executable_path/Frameworks",
				);
				MARKETING_VERSION = 1.0;
				PRODUCT_BUNDLE_IDENTIFIER = com.dahye.OneLineDiary;
				PRODUCT_NAME = "$(TARGET_NAME)";
				SUPPORTED_PLATFORMS = "iphoneos iphonesimulator";
				SUPPORTS_MACCATALYST = NO;
				SUPPORTS_MAC_DESIGNED_FOR_IPHONE_IPAD = NO;
				SWIFT_EMIT_LOC_STRINGS = YES;
				SWIFT_VERSION = 5.0;
				TARGETED_DEVICE_FAMILY = 1;
			};
			name = Release;
		};
/* End XCBuildConfiguration section */

/* Begin XCConfigurationList section */
		53D87FE12A773A8300B388D1 /* Build configuration list for PBXProject "OneLineDiary" */ = {
			isa = XCConfigurationList;
			buildConfigurations = (
				53D87FF82A773A8400B388D1 /* Debug */,
				53D87FF92A773A8400B388D1 /* Release */,
			);
			defaultConfigurationIsVisible = 0;
			defaultConfigurationName = Release;
		};
		53D87FFA2A773A8400B388D1 /* Build configuration list for PBXNativeTarget "OneLineDiary" */ = {
			isa = XCConfigurationList;
			buildConfigurations = (
				53D87FFB2A773A8400B388D1 /* Debug */,
				53D87FFC2A773A8400B388D1 /* Release */,
			);
			defaultConfigurationIsVisible = 0;
			defaultConfigurationName = Release;
		};
/* End XCConfigurationList section */

/* Begin XCRemoteSwiftPackageReference section */
		53DC9AEC2A80805F009B3304 /* XCRemoteSwiftPackageReference "Alamofire" */ = {
			isa = XCRemoteSwiftPackageReference;
			repositoryURL = "https://github.com/Alamofire/Alamofire";
			requirement = {
				kind = upToNextMajorVersion;
				minimumVersion = 5.0.0;
			};
		};
		53DC9AEF2A80806C009B3304 /* XCRemoteSwiftPackageReference "SwiftyJSON" */ = {
			isa = XCRemoteSwiftPackageReference;
			repositoryURL = "https://github.com/SwiftyJSON/SwiftyJSON";
			requirement = {
				kind = upToNextMajorVersion;
				minimumVersion = 5.0.0;
			};
		};
/* End XCRemoteSwiftPackageReference section */

/* Begin XCSwiftPackageProductDependency section */
		53DC9AED2A80805F009B3304 /* Alamofire */ = {
			isa = XCSwiftPackageProductDependency;
			package = 53DC9AEC2A80805F009B3304 /* XCRemoteSwiftPackageReference "Alamofire" */;
			productName = Alamofire;
		};
		53DC9AF02A80806C009B3304 /* SwiftyJSON */ = {
			isa = XCSwiftPackageProductDependency;
			package = 53DC9AEF2A80806C009B3304 /* XCRemoteSwiftPackageReference "SwiftyJSON" */;
			productName = SwiftyJSON;
		};
/* End XCSwiftPackageProductDependency section */
	};
	rootObject = 53D87FDE2A773A8300B388D1 /* Project object */;
}
